
Microsoft Visual Studio Solution File, Format Version 12.00
# Visual Studio Version 17
VisualStudioVersion = 17.5.33414.496
MinimumVisualStudioVersion = 10.0.40219.1
Project("{9A19103F-16F7-4668-BE54-9A1E7A4F7556}") = "ReadingJournal", "ReadingJournal\ReadingJournal.csproj", "{372DCDE8-3D41-4805-A930-67577073C4CD}"
EndProject
Project("{9A19103F-16F7-4668-BE54-9A1E7A4F7556}") = "UnitTests", "UnitTests\UnitTests.csproj", "{8D5889A7-9458-4E4A-977B-A5F6D040CB0E}"
EndProject
Global
	GlobalSection(SolutionConfigurationPlatforms) = preSolution
		Debug|Any CPU = Debug|Any CPU
		Release|Any CPU = Release|Any CPU
	EndGlobalSection
	GlobalSection(ProjectConfigurationPlatforms) = postSolution
		{372DCDE8-3D41-4805-A930-67577073C4CD}.Debug|Any CPU.ActiveCfg = Debug|Any CPU
		{372DCDE8-3D41-4805-A930-67577073C4CD}.Debug|Any CPU.Build.0 = Debug|Any CPU
		{372DCDE8-3D41-4805-A930-67577073C4CD}.Release|Any CPU.ActiveCfg = Release|Any CPU
		{372DCDE8-3D41-4805-A930-67577073C4CD}.Release|Any CPU.Build.0 = Release|Any CPU
		{8D5889A7-9458-4E4A-977B-A5F6D040CB0E}.Debug|Any CPU.ActiveCfg = Debug|Any CPU
		{8D5889A7-9458-4E4A-977B-A5F6D040CB0E}.Debug|Any CPU.Build.0 = Debug|Any CPU
		{8D5889A7-9458-4E4A-977B-A5F6D040CB0E}.Release|Any CPU.ActiveCfg = Release|Any CPU
		{8D5889A7-9458-4E4A-977B-A5F6D040CB0E}.Release|Any CPU.Build.0 = Release|Any CPU
	EndGlobalSection
	GlobalSection(SolutionProperties) = preSolution
		HideSolutionNode = FALSE
	EndGlobalSection
	GlobalSection(ExtensibilityGlobals) = postSolution
		SolutionGuid = {77D878EE-51DE-4132-B07C-30DE488266ED}
	EndGlobalSection
EndGlobal
